// !$*UTF8*$!
{
	archiveVersion = 1;
	classes = {
	};
	objectVersion = 46;
	objects = {

/* Begin PBXBuildFile section */
		ABFF7CD51A24394A0028371A /* main.cpp in Sources */ = {isa = PBXBuildFile; fileRef = ABFF7CD41A24394A0028371A /* main.cpp */; };
/* End PBXBuildFile section */

/* Begin PBXCopyFilesBuildPhase section */
		ABFF7CCF1A24394A0028371A /* CopyFiles */ = {
			isa = PBXCopyFilesBuildPhase;
			buildActionMask = 2147483647;
			dstPath = /usr/share/man/man1/;
			dstSubfolderSpec = 0;
			files = (
			);
			runOnlyForDeploymentPostprocessing = 1;
		};
/* End PBXCopyFilesBuildPhase section */

/* Begin PBXFileReference section */
		ABFF7CD11A24394A0028371A /* CS3136 */ = {isa = PBXFileReference; explicitFileType = "compiled.mach-o.executable"; includeInIndex = 0; path = CS3136; sourceTree = BUILT_PRODUCTS_DIR; };
		ABFF7CD41A24394A0028371A /* main.cpp */ = {isa = PBXFileReference; lastKnownFileType = sourcecode.cpp.cpp; path = main.cpp; sourceTree = "<group>"; };
		ABFF7CDB1A24E31E0028371A /* ExternalSortDataC.txt */ = {isa = PBXFileReference; fileEncoding = 4; lastKnownFileType = text; path = ExternalSortDataC.txt; sourceTree = "<group>"; };
		ABFF7CDC1A24E31E0028371A /* ExternalSortDataA.txt */ = {isa = PBXFileReference; fileEncoding = 4; lastKnownFileType = text; path = ExternalSortDataA.txt; sourceTree = "<group>"; };
		ABFF7CDD1A24E31E0028371A /* ExternalSortDataB.txt */ = {isa = PBXFileReference; fileEncoding = 4; lastKnownFileType = text; path = ExternalSortDataB.txt; sourceTree = "<group>"; };
/* End PBXFileReference section */

/* Begin PBXFrameworksBuildPhase section */
		ABFF7CCE1A24394A0028371A /* Frameworks */ = {
			isa = PBXFrameworksBuildPhase;
			buildActionMask = 2147483647;
			files = (
			);
			runOnlyForDeploymentPostprocessing = 0;
		};
/* End PBXFrameworksBuildPhase section */

/* Begin PBXGroup section */
		ABFF7CC81A24394A0028371A = {
			isa = PBXGroup;
			children = (
				ABFF7CDB1A24E31E0028371A /* ExternalSortDataC.txt */,
				ABFF7CDC1A24E31E0028371A /* ExternalSortDataA.txt */,
				ABFF7CDD1A24E31E0028371A /* ExternalSortDataB.txt */,
				ABFF7CD31A24394A0028371A /* CS3136 */,
				ABFF7CD21A24394A0028371A /* Products */,
			);
			sourceTree = "<group>";
		};
		ABFF7CD21A24394A0028371A /* Products */ = {
			isa = PBXGroup;
			children = (
				ABFF7CD11A24394A0028371A /* CS3136 */,
			);
			name = Products;
			sourceTree = "<group>";
		};
		ABFF7CD31A24394A0028371A /* CS3136 */ = {
			isa = PBXGroup;
			children = (
				ABFF7CD41A24394A0028371A /* main.cpp */,
			);
			path = CS3136;
			sourceTree = "<group>";
		};
/* End PBXGroup section */

/* Begin PBXNativeTarget section */
		ABFF7CD01A24394A0028371A /* CS3136 */ = {
			isa = PBXNativeTarget;
			buildConfigurationList = ABFF7CD81A24394A0028371A /* Build configuration list for PBXNativeTarget "CS3136" */;
			buildPhases = (
				ABFF7CCD1A24394A0028371A /* Sources */,
				ABFF7CCE1A24394A0028371A /* Frameworks */,
				ABFF7CCF1A24394A0028371A /* CopyFiles */,
			);
			buildRules = (
			);
			dependencies = (
			);
			name = CS3136;
			productName = CS3136;
			productReference = ABFF7CD11A24394A0028371A /* CS3136 */;
			productType = "com.apple.product-type.tool";
		};
/* End PBXNativeTarget section */

/* Begin PBXProject section */
		ABFF7CC91A24394A0028371A /* Project object */ = {
			isa = PBXProject;
			attributes = {
				LastUpgradeCheck = 0610;
				ORGANIZATIONNAME = "Humza Galafano";
				TargetAttributes = {
					ABFF7CD01A24394A0028371A = {
						CreatedOnToolsVersion = 6.1;
					};
				};
			};
			buildConfigurationList = ABFF7CCC1A24394A0028371A /* Build configuration list for PBXProject "CS3136" */;
			compatibilityVersion = "Xcode 3.2";
			developmentRegion = English;
			hasScannedForEncodings = 0;
			knownRegions = (
				en,
			);
			mainGroup = ABFF7CC81A24394A0028371A;
			productRefGroup = ABFF7CD21A24394A0028371A /* Products */;
			projectDirPath = "";
			projectRoot = "";
			targets = (
				ABFF7CD01A24394A0028371A /* CS3136 */,
			);
		};
/* End PBXProject section */

/* Begin PBXSourcesBuildPhase section */
		ABFF7CCD1A24394A0028371A /* Sources */ = {
			isa = PBXSourcesBuildPhase;
			buildActionMask = 2147483647;
			files = (
				ABFF7CD51A24394A0028371A /* main.cpp in Sources */,
			);
			runOnlyForDeploymentPostprocessing = 0;
		};
/* End PBXSourcesBuildPhase section */

/* Begin XCBuildConfiguration section */
		ABFF7CD61A24394A0028371A /* Debug */ = {
			isa = XCBuildConfiguration;
			buildSettings = {
				ALWAYS_SEARCH_USER_PATHS = NO;
				CLANG_CXX_LANGUAGE_STANDARD = "gnu++0x";
				CLANG_CXX_LIBRARY = "libc++";
				CLANG_ENABLE_MODULES = YES;
				CLANG_ENABLE_OBJC_ARC = YES;
				CLANG_WARN_BOOL_CONVERSION = YES;
				CLANG_WARN_CONSTANT_CONVERSION = YES;
				CLANG_WARN_DIRECT_OBJC_ISA_USAGE = YES_ERROR;
				CLANG_WARN_EMPTY_BODY = YES;
				CLANG_WARN_ENUM_CONVERSION = YES;
				CLANG_WARN_INT_CONVERSION = YES;
				CLANG_WARN_OBJC_ROOT_CLASS = YES_ERROR;
				CLANG_WARN_UNREACHABLE_CODE = YES;
				CLANG_WARN__DUPLICATE_METHOD_MATCH = YES;
				COPY_PHASE_STRIP = NO;
				ENABLE_STRICT_OBJC_MSGSEND = YES;
				GCC_C_LANGUAGE_STANDARD = gnu99;
				GCC_DYNAMIC_NO_PIC = NO;
				GCC_OPTIMIZATION_LEVEL = 0;
				GCC_PREPROCESSOR_DEFINITIONS = (
					"DEBUG=1",
					"$(inherited)",
				);
				GCC_SYMBOLS_PRIVATE_EXTERN = NO;
				GCC_WARN_64_TO_32_BIT_CONVERSION = YES;
				GCC_WARN_ABOUT_RETURN_TYPE = YES_ERROR;
				GCC_WARN_UNDECLARED_SELECTOR = YES;
				GCC_WARN_UNINITIALIZED_AUTOS = YES_AGGRESSIVE;
				GCC_WARN_UNUSED_FUNCTION = YES;
				GCC_WARN_UNUSED_VARIABLE = YES;
				MACOSX_DEPLOYMENT_TARGET = 10.9;
				MTL_ENABLE_DEBUG_INFO = YES;
				ONLY_ACTIVE_ARCH = YES;
				SDKROOT = macosx;
			};
			name = Debug;
		};
		ABFF7CD71A24394A0028371A /* Release */ = {
			isa = XCBuildConfiguration;
			buildSettings = {
				ALWAYS_SEARCH_USER_PATHS = NO;
				CLANG_CXX_LANGUAGE_STANDARD = "gnu++0x";
				CLANG_CXX_LIBRARY = "libc++";
				CLANG_ENABLE_MODULES = YES;
				CLANG_ENABLE_OBJC_ARC = YES;
				CLANG_WARN_BOOL_CONVERSION = YES;
				CLANG_WARN_CONSTANT_CONVERSION = YES;
				CLANG_WARN_DIRECT_OBJC_ISA_USAGE = YES_ERROR;
				CLANG_WARN_EMPTY_BODY = YES;
				CLANG_WARN_ENUM_CONVERSION = YES;
				CLANG_WARN_INT_CONVERSION = YES;
				CLANG_WARN_OBJC_ROOT_CLASS = YES_ERROR;
				CLANG_WARN_UNREACHABLE_CODE = YES;
				CLANG_WARN__DUPLICATE_METHOD_MATCH = YES;
				COPY_PHASE_STRIP = YES;
				DEBUG_INFORMATION_FORMAT = "dwarf-with-dsym";
				ENABLE_NS_ASSERTIONS = NO;
				ENABLE_STRICT_OBJC_MSGSEND = YES;
				GCC_C_LANGUAGE_STANDARD = gnu99;
				GCC_WARN_64_TO_32_BIT_CONVERSION = YES;
				GCC_WARN_ABOUT_RETURN_TYPE = YES_ERROR;
				GCC_WARN_UNDECLARED_SELECTOR = YES;
				GCC_WARN_UNINITIALIZED_AUTOS = YES_AGGRESSIVE;
				GCC_WARN_UNUSED_FUNCTION = YES;
				GCC_WARN_UNUSED_VARIABLE = YES;
				MACOSX_DEPLOYMENT_TARGET = 10.9;
				MTL_ENABLE_DEBUG_INFO = NO;
				SDKROOT = macosx;
			};
			name = Release;
		};
		ABFF7CD91A24394A0028371A /* Debug */ = {
			isa = XCBuildConfiguration;
			buildSettings = {
				PRODUCT_NAME = "$(TARGET_NAME)";
			};
			name = Debug;
		};
		ABFF7CDA1A24394A0028371A /* Release */ = {
			isa = XCBuildConfiguration;
			buildSettings = {
				PRODUCT_NAME = "$(TARGET_NAME)";
			};
			name = Release;
		};
/* End XCBuildConfiguration section */

/* Begin XCConfigurationList section */
		ABFF7CCC1A24394A0028371A /* Build configuration list for PBXProject "CS3136" */ = {
			isa = XCConfigurationList;
			buildConfigurations = (
				ABFF7CD61A24394A0028371A /* Debug */,
				ABFF7CD71A24394A0028371A /* Release */,
			);
			defaultConfigurationIsVisible = 0;
			defaultConfigurationName = Release;
		};
		ABFF7CD81A24394A0028371A /* Build configuration list for PBXNativeTarget "CS3136" */ = {
			isa = XCConfigurationList;
			buildConfigurations = (
				ABFF7CD91A24394A0028371A /* Debug */,
				ABFF7CDA1A24394A0028371A /* Release */,
			);
			defaultConfigurationIsVisible = 0;
			defaultConfigurationName = Release;
		};
/* End XCConfigurationList section */
	};
	rootObject = ABFF7CC91A24394A0028371A /* Project object */;
}
