// !$*UTF8*$!
{
	archiveVersion = 1;
	classes = {
	};
	objectVersion = 46;
	objects = {

/* Begin PBXBuildFile section */
		AB99247B1A143F0400F9FFE2 /* main.cpp in Sources */ = {isa = PBXBuildFile; fileRef = AB99247A1A143F0400F9FFE2 /* main.cpp */; };
/* End PBXBuildFile section */

/* Begin PBXCopyFilesBuildPhase section */
		AB9924751A143F0400F9FFE2 /* CopyFiles */ = {
			isa = PBXCopyFilesBuildPhase;
			buildActionMask = 2147483647;
			dstPath = /usr/share/man/man1/;
			dstSubfolderSpec = 0;
			files = (
			);
			runOnlyForDeploymentPostprocessing = 1;
		};
/* End PBXCopyFilesBuildPhase section */

/* Begin PBXFileReference section */
		AB9924771A143F0400F9FFE2 /* CS3134 */ = {isa = PBXFileReference; explicitFileType = "compiled.mach-o.executable"; includeInIndex = 0; path = CS3134; sourceTree = BUILT_PRODUCTS_DIR; };
		AB99247A1A143F0400F9FFE2 /* main.cpp */ = {isa = PBXFileReference; lastKnownFileType = sourcecode.cpp.cpp; path = main.cpp; sourceTree = "<group>"; };
		AB9924811A14458A00F9FFE2 /* Heap_Sort_Data.txt */ = {isa = PBXFileReference; fileEncoding = 4; lastKnownFileType = text; path = Heap_Sort_Data.txt; sourceTree = "<group>"; };
/* End PBXFileReference section */

/* Begin PBXFrameworksBuildPhase section */
		AB9924741A143F0400F9FFE2 /* Frameworks */ = {
			isa = PBXFrameworksBuildPhase;
			buildActionMask = 2147483647;
			files = (
			);
			runOnlyForDeploymentPostprocessing = 0;
		};
/* End PBXFrameworksBuildPhase section */

/* Begin PBXGroup section */
		AB99246E1A143F0400F9FFE2 = {
			isa = PBXGroup;
			children = (
				AB9924791A143F0400F9FFE2 /* CS3134 */,
				AB9924781A143F0400F9FFE2 /* Products */,
				AB9924811A14458A00F9FFE2 /* Heap_Sort_Data.txt */,
			);
			sourceTree = "<group>";
		};
		AB9924781A143F0400F9FFE2 /* Products */ = {
			isa = PBXGroup;
			children = (
				AB9924771A143F0400F9FFE2 /* CS3134 */,
			);
			name = Products;
			sourceTree = "<group>";
		};
		AB9924791A143F0400F9FFE2 /* CS3134 */ = {
			isa = PBXGroup;
			children = (
				AB99247A1A143F0400F9FFE2 /* main.cpp */,
			);
			path = CS3134;
			sourceTree = "<group>";
		};
/* End PBXGroup section */

/* Begin PBXNativeTarget section */
		AB9924761A143F0400F9FFE2 /* CS3134 */ = {
			isa = PBXNativeTarget;
			buildConfigurationList = AB99247E1A143F0400F9FFE2 /* Build configuration list for PBXNativeTarget "CS3134" */;
			buildPhases = (
				AB9924731A143F0400F9FFE2 /* Sources */,
				AB9924741A143F0400F9FFE2 /* Frameworks */,
				AB9924751A143F0400F9FFE2 /* CopyFiles */,
			);
			buildRules = (
			);
			dependencies = (
			);
			name = CS3134;
			productName = CS3134;
			productReference = AB9924771A143F0400F9FFE2 /* CS3134 */;
			productType = "com.apple.product-type.tool";
		};
/* End PBXNativeTarget section */

/* Begin PBXProject section */
		AB99246F1A143F0400F9FFE2 /* Project object */ = {
			isa = PBXProject;
			attributes = {
				LastUpgradeCheck = 0610;
				ORGANIZATIONNAME = "Humza Galafano";
				TargetAttributes = {
					AB9924761A143F0400F9FFE2 = {
						CreatedOnToolsVersion = 6.1;
					};
				};
			};
			buildConfigurationList = AB9924721A143F0400F9FFE2 /* Build configuration list for PBXProject "CS3134" */;
			compatibilityVersion = "Xcode 3.2";
			developmentRegion = English;
			hasScannedForEncodings = 0;
			knownRegions = (
				en,
			);
			mainGroup = AB99246E1A143F0400F9FFE2;
			productRefGroup = AB9924781A143F0400F9FFE2 /* Products */;
			projectDirPath = "";
			projectRoot = "";
			targets = (
				AB9924761A143F0400F9FFE2 /* CS3134 */,
			);
		};
/* End PBXProject section */

/* Begin PBXSourcesBuildPhase section */
		AB9924731A143F0400F9FFE2 /* Sources */ = {
			isa = PBXSourcesBuildPhase;
			buildActionMask = 2147483647;
			files = (
				AB99247B1A143F0400F9FFE2 /* main.cpp in Sources */,
			);
			runOnlyForDeploymentPostprocessing = 0;
		};
/* End PBXSourcesBuildPhase section */

/* Begin XCBuildConfiguration section */
		AB99247C1A143F0400F9FFE2 /* Debug */ = {
			isa = XCBuildConfiguration;
			buildSettings = {
				ALWAYS_SEARCH_USER_PATHS = NO;
				CLANG_CXX_LANGUAGE_STANDARD = "gnu++0x";
				CLANG_CXX_LIBRARY = "libc++";
				CLANG_ENABLE_MODULES = YES;
				CLANG_ENABLE_OBJC_ARC = YES;
				CLANG_WARN_BOOL_CONVERSION = YES;
				CLANG_WARN_CONSTANT_CONVERSION = YES;
				CLANG_WARN_DIRECT_OBJC_ISA_USAGE = YES_ERROR;
				CLANG_WARN_EMPTY_BODY = YES;
				CLANG_WARN_ENUM_CONVERSION = YES;
				CLANG_WARN_INT_CONVERSION = YES;
				CLANG_WARN_OBJC_ROOT_CLASS = YES_ERROR;
				CLANG_WARN_UNREACHABLE_CODE = YES;
				CLANG_WARN__DUPLICATE_METHOD_MATCH = YES;
				COPY_PHASE_STRIP = NO;
				ENABLE_STRICT_OBJC_MSGSEND = YES;
				GCC_C_LANGUAGE_STANDARD = gnu99;
				GCC_DYNAMIC_NO_PIC = NO;
				GCC_OPTIMIZATION_LEVEL = 0;
				GCC_PREPROCESSOR_DEFINITIONS = (
					"DEBUG=1",
					"$(inherited)",
				);
				GCC_SYMBOLS_PRIVATE_EXTERN = NO;
				GCC_WARN_64_TO_32_BIT_CONVERSION = YES;
				GCC_WARN_ABOUT_RETURN_TYPE = YES_ERROR;
				GCC_WARN_UNDECLARED_SELECTOR = YES;
				GCC_WARN_UNINITIALIZED_AUTOS = YES_AGGRESSIVE;
				GCC_WARN_UNUSED_FUNCTION = YES;
				GCC_WARN_UNUSED_VARIABLE = YES;
				MACOSX_DEPLOYMENT_TARGET = 10.9;
				MTL_ENABLE_DEBUG_INFO = YES;
				ONLY_ACTIVE_ARCH = YES;
				SDKROOT = macosx;
			};
			name = Debug;
		};
		AB99247D1A143F0400F9FFE2 /* Release */ = {
			isa = XCBuildConfiguration;
			buildSettings = {
				ALWAYS_SEARCH_USER_PATHS = NO;
				CLANG_CXX_LANGUAGE_STANDARD = "gnu++0x";
				CLANG_CXX_LIBRARY = "libc++";
				CLANG_ENABLE_MODULES = YES;
				CLANG_ENABLE_OBJC_ARC = YES;
				CLANG_WARN_BOOL_CONVERSION = YES;
				CLANG_WARN_CONSTANT_CONVERSION = YES;
				CLANG_WARN_DIRECT_OBJC_ISA_USAGE = YES_ERROR;
				CLANG_WARN_EMPTY_BODY = YES;
				CLANG_WARN_ENUM_CONVERSION = YES;
				CLANG_WARN_INT_CONVERSION = YES;
				CLANG_WARN_OBJC_ROOT_CLASS = YES_ERROR;
				CLANG_WARN_UNREACHABLE_CODE = YES;
				CLANG_WARN__DUPLICATE_METHOD_MATCH = YES;
				COPY_PHASE_STRIP = YES;
				DEBUG_INFORMATION_FORMAT = "dwarf-with-dsym";
				ENABLE_NS_ASSERTIONS = NO;
				ENABLE_STRICT_OBJC_MSGSEND = YES;
				GCC_C_LANGUAGE_STANDARD = gnu99;
				GCC_WARN_64_TO_32_BIT_CONVERSION = YES;
				GCC_WARN_ABOUT_RETURN_TYPE = YES_ERROR;
				GCC_WARN_UNDECLARED_SELECTOR = YES;
				GCC_WARN_UNINITIALIZED_AUTOS = YES_AGGRESSIVE;
				GCC_WARN_UNUSED_FUNCTION = YES;
				GCC_WARN_UNUSED_VARIABLE = YES;
				MACOSX_DEPLOYMENT_TARGET = 10.9;
				MTL_ENABLE_DEBUG_INFO = NO;
				SDKROOT = macosx;
			};
			name = Release;
		};
		AB99247F1A143F0400F9FFE2 /* Debug */ = {
			isa = XCBuildConfiguration;
			buildSettings = {
				PRODUCT_NAME = "$(TARGET_NAME)";
			};
			name = Debug;
		};
		AB9924801A143F0400F9FFE2 /* Release */ = {
			isa = XCBuildConfiguration;
			buildSettings = {
				PRODUCT_NAME = "$(TARGET_NAME)";
			};
			name = Release;
		};
/* End XCBuildConfiguration section */

/* Begin XCConfigurationList section */
		AB9924721A143F0400F9FFE2 /* Build configuration list for PBXProject "CS3134" */ = {
			isa = XCConfigurationList;
			buildConfigurations = (
				AB99247C1A143F0400F9FFE2 /* Debug */,
				AB99247D1A143F0400F9FFE2 /* Release */,
			);
			defaultConfigurationIsVisible = 0;
			defaultConfigurationName = Release;
		};
		AB99247E1A143F0400F9FFE2 /* Build configuration list for PBXNativeTarget "CS3134" */ = {
			isa = XCConfigurationList;
			buildConfigurations = (
				AB99247F1A143F0400F9FFE2 /* Debug */,
				AB9924801A143F0400F9FFE2 /* Release */,
			);
			defaultConfigurationIsVisible = 0;
		};
/* End XCConfigurationList section */
	};
	rootObject = AB99246F1A143F0400F9FFE2 /* Project object */;
}
