// !$*UTF8*$!
{
	archiveVersion = 1;
	classes = {
	};
	objectVersion = 46;
	objects = {

/* Begin PBXBuildFile section */
		AB2DD0ED1A30229000385141 /* main.cpp in Sources */ = {isa = PBXBuildFile; fileRef = AB2DD0EC1A30229000385141 /* main.cpp */; };
/* End PBXBuildFile section */

/* Begin PBXCopyFilesBuildPhase section */
		AB2DD0E71A30229000385141 /* CopyFiles */ = {
			isa = PBXCopyFilesBuildPhase;
			buildActionMask = 2147483647;
			dstPath = /usr/share/man/man1/;
			dstSubfolderSpec = 0;
			files = (
			);
			runOnlyForDeploymentPostprocessing = 1;
		};
/* End PBXCopyFilesBuildPhase section */

/* Begin PBXFileReference section */
		AB2DD0E91A30229000385141 /* Insertsort */ = {isa = PBXFileReference; explicitFileType = "compiled.mach-o.executable"; includeInIndex = 0; path = Insertsort; sourceTree = BUILT_PRODUCTS_DIR; };
		AB2DD0EC1A30229000385141 /* main.cpp */ = {isa = PBXFileReference; lastKnownFileType = sourcecode.cpp.cpp; path = main.cpp; sourceTree = "<group>"; };
		ABFEAE641A30254F00DE6349 /* InsertionSortData.txt */ = {isa = PBXFileReference; fileEncoding = 4; lastKnownFileType = text; path = InsertionSortData.txt; sourceTree = "<group>"; };
/* End PBXFileReference section */

/* Begin PBXFrameworksBuildPhase section */
		AB2DD0E61A30229000385141 /* Frameworks */ = {
			isa = PBXFrameworksBuildPhase;
			buildActionMask = 2147483647;
			files = (
			);
			runOnlyForDeploymentPostprocessing = 0;
		};
/* End PBXFrameworksBuildPhase section */

/* Begin PBXGroup section */
		AB2DD0E01A30229000385141 = {
			isa = PBXGroup;
			children = (
				AB2DD0EB1A30229000385141 /* Insertsort */,
				AB2DD0EA1A30229000385141 /* Products */,
			);
			sourceTree = "<group>";
		};
		AB2DD0EA1A30229000385141 /* Products */ = {
			isa = PBXGroup;
			children = (
				AB2DD0E91A30229000385141 /* Insertsort */,
			);
			name = Products;
			sourceTree = "<group>";
		};
		AB2DD0EB1A30229000385141 /* Insertsort */ = {
			isa = PBXGroup;
			children = (
				AB2DD0EC1A30229000385141 /* main.cpp */,
				ABFEAE641A30254F00DE6349 /* InsertionSortData.txt */,
			);
			path = Insertsort;
			sourceTree = "<group>";
		};
/* End PBXGroup section */

/* Begin PBXNativeTarget section */
		AB2DD0E81A30229000385141 /* Insertsort */ = {
			isa = PBXNativeTarget;
			buildConfigurationList = AB2DD0F01A30229000385141 /* Build configuration list for PBXNativeTarget "Insertsort" */;
			buildPhases = (
				AB2DD0E51A30229000385141 /* Sources */,
				AB2DD0E61A30229000385141 /* Frameworks */,
				AB2DD0E71A30229000385141 /* CopyFiles */,
			);
			buildRules = (
			);
			dependencies = (
			);
			name = Insertsort;
			productName = Insertsort;
			productReference = AB2DD0E91A30229000385141 /* Insertsort */;
			productType = "com.apple.product-type.tool";
		};
/* End PBXNativeTarget section */

/* Begin PBXProject section */
		AB2DD0E11A30229000385141 /* Project object */ = {
			isa = PBXProject;
			attributes = {
				LastUpgradeCheck = 0610;
				ORGANIZATIONNAME = "Humza Galafano";
				TargetAttributes = {
					AB2DD0E81A30229000385141 = {
						CreatedOnToolsVersion = 6.1;
					};
				};
			};
			buildConfigurationList = AB2DD0E41A30229000385141 /* Build configuration list for PBXProject "Insertsort" */;
			compatibilityVersion = "Xcode 3.2";
			developmentRegion = English;
			hasScannedForEncodings = 0;
			knownRegions = (
				en,
			);
			mainGroup = AB2DD0E01A30229000385141;
			productRefGroup = AB2DD0EA1A30229000385141 /* Products */;
			projectDirPath = "";
			projectRoot = "";
			targets = (
				AB2DD0E81A30229000385141 /* Insertsort */,
			);
		};
/* End PBXProject section */

/* Begin PBXSourcesBuildPhase section */
		AB2DD0E51A30229000385141 /* Sources */ = {
			isa = PBXSourcesBuildPhase;
			buildActionMask = 2147483647;
			files = (
				AB2DD0ED1A30229000385141 /* main.cpp in Sources */,
			);
			runOnlyForDeploymentPostprocessing = 0;
		};
/* End PBXSourcesBuildPhase section */

/* Begin XCBuildConfiguration section */
		AB2DD0EE1A30229000385141 /* Debug */ = {
			isa = XCBuildConfiguration;
			buildSettings = {
				ALWAYS_SEARCH_USER_PATHS = NO;
				CLANG_CXX_LANGUAGE_STANDARD = "gnu++0x";
				CLANG_CXX_LIBRARY = "libc++";
				CLANG_ENABLE_MODULES = YES;
				CLANG_ENABLE_OBJC_ARC = YES;
				CLANG_WARN_BOOL_CONVERSION = YES;
				CLANG_WARN_CONSTANT_CONVERSION = YES;
				CLANG_WARN_DIRECT_OBJC_ISA_USAGE = YES_ERROR;
				CLANG_WARN_EMPTY_BODY = YES;
				CLANG_WARN_ENUM_CONVERSION = YES;
				CLANG_WARN_INT_CONVERSION = YES;
				CLANG_WARN_OBJC_ROOT_CLASS = YES_ERROR;
				CLANG_WARN_UNREACHABLE_CODE = YES;
				CLANG_WARN__DUPLICATE_METHOD_MATCH = YES;
				COPY_PHASE_STRIP = NO;
				ENABLE_STRICT_OBJC_MSGSEND = YES;
				GCC_C_LANGUAGE_STANDARD = gnu99;
				GCC_DYNAMIC_NO_PIC = NO;
				GCC_OPTIMIZATION_LEVEL = 0;
				GCC_PREPROCESSOR_DEFINITIONS = (
					"DEBUG=1",
					"$(inherited)",
				);
				GCC_SYMBOLS_PRIVATE_EXTERN = NO;
				GCC_WARN_64_TO_32_BIT_CONVERSION = YES;
				GCC_WARN_ABOUT_RETURN_TYPE = YES_ERROR;
				GCC_WARN_UNDECLARED_SELECTOR = YES;
				GCC_WARN_UNINITIALIZED_AUTOS = YES_AGGRESSIVE;
				GCC_WARN_UNUSED_FUNCTION = YES;
				GCC_WARN_UNUSED_VARIABLE = YES;
				MACOSX_DEPLOYMENT_TARGET = 10.9;
				MTL_ENABLE_DEBUG_INFO = YES;
				ONLY_ACTIVE_ARCH = YES;
				SDKROOT = macosx;
			};
			name = Debug;
		};
		AB2DD0EF1A30229000385141 /* Release */ = {
			isa = XCBuildConfiguration;
			buildSettings = {
				ALWAYS_SEARCH_USER_PATHS = NO;
				CLANG_CXX_LANGUAGE_STANDARD = "gnu++0x";
				CLANG_CXX_LIBRARY = "libc++";
				CLANG_ENABLE_MODULES = YES;
				CLANG_ENABLE_OBJC_ARC = YES;
				CLANG_WARN_BOOL_CONVERSION = YES;
				CLANG_WARN_CONSTANT_CONVERSION = YES;
				CLANG_WARN_DIRECT_OBJC_ISA_USAGE = YES_ERROR;
				CLANG_WARN_EMPTY_BODY = YES;
				CLANG_WARN_ENUM_CONVERSION = YES;
				CLANG_WARN_INT_CONVERSION = YES;
				CLANG_WARN_OBJC_ROOT_CLASS = YES_ERROR;
				CLANG_WARN_UNREACHABLE_CODE = YES;
				CLANG_WARN__DUPLICATE_METHOD_MATCH = YES;
				COPY_PHASE_STRIP = YES;
				DEBUG_INFORMATION_FORMAT = "dwarf-with-dsym";
				ENABLE_NS_ASSERTIONS = NO;
				ENABLE_STRICT_OBJC_MSGSEND = YES;
				GCC_C_LANGUAGE_STANDARD = gnu99;
				GCC_WARN_64_TO_32_BIT_CONVERSION = YES;
				GCC_WARN_ABOUT_RETURN_TYPE = YES_ERROR;
				GCC_WARN_UNDECLARED_SELECTOR = YES;
				GCC_WARN_UNINITIALIZED_AUTOS = YES_AGGRESSIVE;
				GCC_WARN_UNUSED_FUNCTION = YES;
				GCC_WARN_UNUSED_VARIABLE = YES;
				MACOSX_DEPLOYMENT_TARGET = 10.9;
				MTL_ENABLE_DEBUG_INFO = NO;
				SDKROOT = macosx;
			};
			name = Release;
		};
		AB2DD0F11A30229000385141 /* Debug */ = {
			isa = XCBuildConfiguration;
			buildSettings = {
				PRODUCT_NAME = "$(TARGET_NAME)";
			};
			name = Debug;
		};
		AB2DD0F21A30229000385141 /* Release */ = {
			isa = XCBuildConfiguration;
			buildSettings = {
				PRODUCT_NAME = "$(TARGET_NAME)";
			};
			name = Release;
		};
/* End XCBuildConfiguration section */

/* Begin XCConfigurationList section */
		AB2DD0E41A30229000385141 /* Build configuration list for PBXProject "Insertsort" */ = {
			isa = XCConfigurationList;
			buildConfigurations = (
				AB2DD0EE1A30229000385141 /* Debug */,
				AB2DD0EF1A30229000385141 /* Release */,
			);
			defaultConfigurationIsVisible = 0;
			defaultConfigurationName = Release;
		};
		AB2DD0F01A30229000385141 /* Build configuration list for PBXNativeTarget "Insertsort" */ = {
			isa = XCConfigurationList;
			buildConfigurations = (
				AB2DD0F11A30229000385141 /* Debug */,
				AB2DD0F21A30229000385141 /* Release */,
			);
			defaultConfigurationIsVisible = 0;
			defaultConfigurationName = Release;
		};
/* End XCConfigurationList section */
	};
	rootObject = AB2DD0E11A30229000385141 /* Project object */;
}
