// !$*UTF8*$!
{
	archiveVersion = 1;
	classes = {
	};
	objectVersion = 42;
	objects = {

/* Begin PBXGroup section */
		ABFEB62518CD6B3C00FE406D = {
			isa = PBXGroup;
			children = (
			);
			sourceTree = "<group>";
		};
/* End PBXGroup section */

/* Begin PBXProject section */
		ABFEB62718CD6B3C00FE406D /* Project object */ = {
			isa = PBXProject;
			attributes = {
			};
			buildConfigurationList = ABFEB62A18CD6B3C00FE406D /* Build configuration list for PBXProject "xcodestuff" */;
			compatibilityVersion = "Xcode 2.4";
			developmentRegion = English;
			hasScannedForEncodings = 0;
			knownRegions = (
				English,
				Japanese,
				French,
				German,
			);
			mainGroup = ABFEB62518CD6B3C00FE406D;
			projectDirPath = "";
			projectRoot = "";
			targets = (
			);
		};
/* End PBXProject section */

/* Begin XCBuildConfiguration section */
		ABFEB62818CD6B3C00FE406D /* Debug */ = {
			isa = XCBuildConfiguration;
			buildSettings = {
				COPY_PHASE_STRIP = NO;
			};
			name = Debug;
		};
		ABFEB62918CD6B3C00FE406D /* Release */ = {
			isa = XCBuildConfiguration;
			buildSettings = {
				COPY_PHASE_STRIP = YES;
			};
			name = Release;
		};
/* End XCBuildConfiguration section */

/* Begin XCConfigurationList section */
		ABFEB62A18CD6B3C00FE406D /* Build configuration list for PBXProject "xcodestuff" */ = {
			isa = XCConfigurationList;
			buildConfigurations = (
				ABFEB62818CD6B3C00FE406D /* Debug */,
				ABFEB62918CD6B3C00FE406D /* Release */,
			);
			defaultConfigurationIsVisible = 0;
			defaultConfigurationName = Release;
		};
/* End XCConfigurationList section */
	};
	rootObject = ABFEB62718CD6B3C00FE406D /* Project object */;
}
